
Microsoft Visual Studio Solution File, Format Version 12.00
# Visual Studio Version 17
VisualStudioVersion = 17.11.35208.52
MinimumVisualStudioVersion = 10.0.40219.1
Project("{FAE04EC0-301F-11D3-BF4B-00C04F79EFBC}") = "113-12-10-1", "113-12-10-1\113-12-10-1.csproj", "{9BFFAEE3-F6D3-4C0A-B86E-BE8954B962DF}"
EndProject
Global
	GlobalSection(SolutionConfigurationPlatforms) = preSolution
		Debug|Any CPU = Debug|Any CPU
		Release|Any CPU = Release|Any CPU
	EndGlobalSection
	GlobalSection(ProjectConfigurationPlatforms) = postSolution
		{9BFFAEE3-F6D3-4C0A-B86E-BE8954B962DF}.Debug|Any CPU.ActiveCfg = Debug|Any CPU
		{9BFFAEE3-F6D3-4C0A-B86E-BE8954B962DF}.Debug|Any CPU.Build.0 = Debug|Any CPU
		{9BFFAEE3-F6D3-4C0A-B86E-BE8954B962DF}.Release|Any CPU.ActiveCfg = Release|Any CPU
		{9BFFAEE3-F6D3-4C0A-B86E-BE8954B962DF}.Release|Any CPU.Build.0 = Release|Any CPU
	EndGlobalSection
	GlobalSection(SolutionProperties) = preSolution
		HideSolutionNode = FALSE
	EndGlobalSection
	GlobalSection(ExtensibilityGlobals) = postSolution
		SolutionGuid = {68EB24A0-7BD5-43DA-B6CD-D0DC18CA2245}
	EndGlobalSection
EndGlobal
