
Microsoft Visual Studio Solution File, Format Version 12.00
# Visual Studio Version 17
VisualStudioVersion = 17.11.35208.52
MinimumVisualStudioVersion = 10.0.40219.1
Project("{FAE04EC0-301F-11D3-BF4B-00C04F79EFBC}") = "Tutorial2-5", "Tutorial2-5\Tutorial2-5.csproj", "{4BD4B480-C023-4D90-B197-43C079A2DBAB}"
EndProject
Global
	GlobalSection(SolutionConfigurationPlatforms) = preSolution
		Debug|Any CPU = Debug|Any CPU
		Release|Any CPU = Release|Any CPU
	EndGlobalSection
	GlobalSection(ProjectConfigurationPlatforms) = postSolution
		{4BD4B480-C023-4D90-B197-43C079A2DBAB}.Debug|Any CPU.ActiveCfg = Debug|Any CPU
		{4BD4B480-C023-4D90-B197-43C079A2DBAB}.Debug|Any CPU.Build.0 = Debug|Any CPU
		{4BD4B480-C023-4D90-B197-43C079A2DBAB}.Release|Any CPU.ActiveCfg = Release|Any CPU
		{4BD4B480-C023-4D90-B197-43C079A2DBAB}.Release|Any CPU.Build.0 = Release|Any CPU
	EndGlobalSection
	GlobalSection(SolutionProperties) = preSolution
		HideSolutionNode = FALSE
	EndGlobalSection
	GlobalSection(ExtensibilityGlobals) = postSolution
		SolutionGuid = {2CC10FA9-1CAA-47E7-AB1B-C9DF1D720C0B}
	EndGlobalSection
EndGlobal
