
Microsoft Visual Studio Solution File, Format Version 12.00
# Visual Studio Version 17
VisualStudioVersion = 17.11.35208.52
MinimumVisualStudioVersion = 10.0.40219.1
Project("{FAE04EC0-301F-11D3-BF4B-00C04F79EFBC}") = "homework1", "homework1\homework1.csproj", "{4F47F88D-DCB6-4726-AC76-EBFA4A094AAA}"
EndProject
Global
	GlobalSection(SolutionConfigurationPlatforms) = preSolution
		Debug|Any CPU = Debug|Any CPU
		Release|Any CPU = Release|Any CPU
	EndGlobalSection
	GlobalSection(ProjectConfigurationPlatforms) = postSolution
		{4F47F88D-DCB6-4726-AC76-EBFA4A094AAA}.Debug|Any CPU.ActiveCfg = Debug|Any CPU
		{4F47F88D-DCB6-4726-AC76-EBFA4A094AAA}.Debug|Any CPU.Build.0 = Debug|Any CPU
		{4F47F88D-DCB6-4726-AC76-EBFA4A094AAA}.Release|Any CPU.ActiveCfg = Release|Any CPU
		{4F47F88D-DCB6-4726-AC76-EBFA4A094AAA}.Release|Any CPU.Build.0 = Release|Any CPU
	EndGlobalSection
	GlobalSection(SolutionProperties) = preSolution
		HideSolutionNode = FALSE
	EndGlobalSection
	GlobalSection(ExtensibilityGlobals) = postSolution
		SolutionGuid = {11E7E700-4672-4C27-B7B1-9EC7C0BE6D9A}
	EndGlobalSection
EndGlobal
